
Microsoft Visual Studio Solution File, Format Version 12.00
# Visual Studio Version 17
VisualStudioVersion = 17.9.34723.18
MinimumVisualStudioVersion = 10.0.40219.1
Project("{FAE04EC0-301F-11D3-BF4B-00C04F79EFBC}") = "videogamesAPI", "videogamesAPI\videogamesAPI.csproj", "{9ABAD652-8552-43F8-A7E6-B8CFA8E7D071}"
EndProject
Global
	GlobalSection(SolutionConfigurationPlatforms) = preSolution
		Debug|Any CPU = Debug|Any CPU
		Release|Any CPU = Release|Any CPU
	EndGlobalSection
	GlobalSection(ProjectConfigurationPlatforms) = postSolution
		{9ABAD652-8552-43F8-A7E6-B8CFA8E7D071}.Debug|Any CPU.ActiveCfg = Debug|Any CPU
		{9ABAD652-8552-43F8-A7E6-B8CFA8E7D071}.Debug|Any CPU.Build.0 = Debug|Any CPU
		{9ABAD652-8552-43F8-A7E6-B8CFA8E7D071}.Release|Any CPU.ActiveCfg = Release|Any CPU
		{9ABAD652-8552-43F8-A7E6-B8CFA8E7D071}.Release|Any CPU.Build.0 = Release|Any CPU
	EndGlobalSection
	GlobalSection(SolutionProperties) = preSolution
		HideSolutionNode = FALSE
	EndGlobalSection
	GlobalSection(ExtensibilityGlobals) = postSolution
		SolutionGuid = {C3B41397-F894-4F51-92F2-22E51BFAA909}
	EndGlobalSection
EndGlobal
